
Microsoft Visual Studio Solution File, Format Version 12.00
# Visual Studio Version 17
VisualStudioVersion = 17.0.31903.59
MinimumVisualStudioVersion = 10.0.40219.1
Project("{FAE04EC0-301F-11D3-BF4B-00C04F79EFBC}") = "LogingExampleApp", "LogingExampleApp\LogingExampleApp.csproj", "{9E40506B-CACB-4CC2-A3A6-D497AA5C4B12}"
EndProject
Project("{FAE04EC0-301F-11D3-BF4B-00C04F79EFBC}") = "LogingExampleApp.Tests", "LogingExampleApp.Tests\LogingExampleApp.Tests.csproj", "{C76C3EF1-242A-43CE-80C6-85127E8362D4}"
EndProject
Global
	GlobalSection(SolutionConfigurationPlatforms) = preSolution
		Debug|Any CPU = Debug|Any CPU
		Release|Any CPU = Release|Any CPU
	EndGlobalSection
	GlobalSection(SolutionProperties) = preSolution
		HideSolutionNode = FALSE
	EndGlobalSection
	GlobalSection(ProjectConfigurationPlatforms) = postSolution
		{9E40506B-CACB-4CC2-A3A6-D497AA5C4B12}.Debug|Any CPU.ActiveCfg = Debug|Any CPU
		{9E40506B-CACB-4CC2-A3A6-D497AA5C4B12}.Debug|Any CPU.Build.0 = Debug|Any CPU
		{9E40506B-CACB-4CC2-A3A6-D497AA5C4B12}.Release|Any CPU.ActiveCfg = Release|Any CPU
		{9E40506B-CACB-4CC2-A3A6-D497AA5C4B12}.Release|Any CPU.Build.0 = Release|Any CPU
		{C76C3EF1-242A-43CE-80C6-85127E8362D4}.Debug|Any CPU.ActiveCfg = Debug|Any CPU
		{C76C3EF1-242A-43CE-80C6-85127E8362D4}.Debug|Any CPU.Build.0 = Debug|Any CPU
		{C76C3EF1-242A-43CE-80C6-85127E8362D4}.Release|Any CPU.ActiveCfg = Release|Any CPU
		{C76C3EF1-242A-43CE-80C6-85127E8362D4}.Release|Any CPU.Build.0 = Release|Any CPU
	EndGlobalSection
EndGlobal
